// !$*UTF8*$!
{
	archiveVersion = 1;
	classes = {
	};
	objectVersion = 56;
	objects = {

/* Begin PBXBuildFile section */
		CBF5E5E129B1E0E700FE75ED /* AppDelegate.swift in Sources */ = {isa = PBXBuildFile; fileRef = CBF5E5E029B1E0E700FE75ED /* AppDelegate.swift */; };
		CBF5E5E329B1E0E700FE75ED /* SceneDelegate.swift in Sources */ = {isa = PBXBuildFile; fileRef = CBF5E5E229B1E0E700FE75ED /* SceneDelegate.swift */; };
		CBF5E5E529B1E0E700FE75ED /* ViewController.swift in Sources */ = {isa = PBXBuildFile; fileRef = CBF5E5E429B1E0E700FE75ED /* ViewController.swift */; };
		CBF5E5E829B1E0E700FE75ED /* Main.storyboard in Resources */ = {isa = PBXBuildFile; fileRef = CBF5E5E629B1E0E700FE75ED /* Main.storyboard */; };
		CBF5E5EA29B1E0E800FE75ED /* Assets.xcassets in Resources */ = {isa = PBXBuildFile; fileRef = CBF5E5E929B1E0E800FE75ED /* Assets.xcassets */; };
		CBF5E5ED29B1E0E800FE75ED /* LaunchScreen.storyboard in Resources */ = {isa = PBXBuildFile; fileRef = CBF5E5EB29B1E0E800FE75ED /* LaunchScreen.storyboard */; };
		CBF5E5F529B1E24C00FE75ED /* ImageLoadCell.swift in Sources */ = {isa = PBXBuildFile; fileRef = CBF5E5F429B1E24C00FE75ED /* ImageLoadCell.swift */; };
		CBF5E5F729B1E60200FE75ED /* UIImageView.swift in Sources */ = {isa = PBXBuildFile; fileRef = CBF5E5F629B1E60200FE75ED /* UIImageView.swift */; };
/* End PBXBuildFile section */

/* Begin PBXFileReference section */
		CBF5E5DD29B1E0E700FE75ED /* ImageDownloadProject.app */ = {isa = PBXFileReference; explicitFileType = wrapper.application; includeInIndex = 0; path = ImageDownloadProject.app; sourceTree = BUILT_PRODUCTS_DIR; };
		CBF5E5E029B1E0E700FE75ED /* AppDelegate.swift */ = {isa = PBXFileReference; lastKnownFileType = sourcecode.swift; path = AppDelegate.swift; sourceTree = "<group>"; };
		CBF5E5E229B1E0E700FE75ED /* SceneDelegate.swift */ = {isa = PBXFileReference; lastKnownFileType = sourcecode.swift; path = SceneDelegate.swift; sourceTree = "<group>"; };
		CBF5E5E429B1E0E700FE75ED /* ViewController.swift */ = {isa = PBXFileReference; lastKnownFileType = sourcecode.swift; path = ViewController.swift; sourceTree = "<group>"; };
		CBF5E5E729B1E0E700FE75ED /* Base */ = {isa = PBXFileReference; lastKnownFileType = file.storyboard; name = Base; path = Base.lproj/Main.storyboard; sourceTree = "<group>"; };
		CBF5E5E929B1E0E800FE75ED /* Assets.xcassets */ = {isa = PBXFileReference; lastKnownFileType = folder.assetcatalog; path = Assets.xcassets; sourceTree = "<group>"; };
		CBF5E5EC29B1E0E800FE75ED /* Base */ = {isa = PBXFileReference; lastKnownFileType = file.storyboard; name = Base; path = Base.lproj/LaunchScreen.storyboard; sourceTree = "<group>"; };
		CBF5E5EE29B1E0E800FE75ED /* Info.plist */ = {isa = PBXFileReference; lastKnownFileType = text.plist.xml; path = Info.plist; sourceTree = "<group>"; };
		CBF5E5F429B1E24C00FE75ED /* ImageLoadCell.swift */ = {isa = PBXFileReference; lastKnownFileType = sourcecode.swift; path = ImageLoadCell.swift; sourceTree = "<group>"; };
		CBF5E5F629B1E60200FE75ED /* UIImageView.swift */ = {isa = PBXFileReference; fileEncoding = 4; lastKnownFileType = sourcecode.swift; path = UIImageView.swift; sourceTree = "<group>"; };
/* End PBXFileReference section */

/* Begin PBXFrameworksBuildPhase section */
		CBF5E5DA29B1E0E700FE75ED /* Frameworks */ = {
			isa = PBXFrameworksBuildPhase;
			buildActionMask = 2147483647;
			files = (
			);
			runOnlyForDeploymentPostprocessing = 0;
		};
/* End PBXFrameworksBuildPhase section */

/* Begin PBXGroup section */
		CBF5E5D429B1E0E700FE75ED = {
			isa = PBXGroup;
			children = (
				CBF5E5DF29B1E0E700FE75ED /* ImageDownloadProject */,
				CBF5E5DE29B1E0E700FE75ED /* Products */,
			);
			sourceTree = "<group>";
		};
		CBF5E5DE29B1E0E700FE75ED /* Products */ = {
			isa = PBXGroup;
			children = (
				CBF5E5DD29B1E0E700FE75ED /* ImageDownloadProject.app */,
			);
			name = Products;
			sourceTree = "<group>";
		};
		CBF5E5DF29B1E0E700FE75ED /* ImageDownloadProject */ = {
			isa = PBXGroup;
			children = (
				CBF5E5F629B1E60200FE75ED /* UIImageView.swift */,
				CBF5E5E029B1E0E700FE75ED /* AppDelegate.swift */,
				CBF5E5E229B1E0E700FE75ED /* SceneDelegate.swift */,
				CBF5E5E429B1E0E700FE75ED /* ViewController.swift */,
				CBF5E5F429B1E24C00FE75ED /* ImageLoadCell.swift */,
				CBF5E5E629B1E0E700FE75ED /* Main.storyboard */,
				CBF5E5E929B1E0E800FE75ED /* Assets.xcassets */,
				CBF5E5EB29B1E0E800FE75ED /* LaunchScreen.storyboard */,
				CBF5E5EE29B1E0E800FE75ED /* Info.plist */,
			);
			path = ImageDownloadProject;
			sourceTree = "<group>";
		};
/* End PBXGroup section */

/* Begin PBXNativeTarget section */
		CBF5E5DC29B1E0E700FE75ED /* ImageDownloadProject */ = {
			isa = PBXNativeTarget;
			buildConfigurationList = CBF5E5F129B1E0E800FE75ED /* Build configuration list for PBXNativeTarget "ImageDownloadProject" */;
			buildPhases = (
				CBF5E5D929B1E0E700FE75ED /* Sources */,
				CBF5E5DA29B1E0E700FE75ED /* Frameworks */,
				CBF5E5DB29B1E0E700FE75ED /* Resources */,
			);
			buildRules = (
			);
			dependencies = (
			);
			name = ImageDownloadProject;
			productName = ImageDownloadProject;
			productReference = CBF5E5DD29B1E0E700FE75ED /* ImageDownloadProject.app */;
			productType = "com.apple.product-type.application";
		};
/* End PBXNativeTarget section */

/* Begin PBXProject section */
		CBF5E5D529B1E0E700FE75ED /* Project object */ = {
			isa = PBXProject;
			attributes = {
				BuildIndependentTargetsInParallel = 1;
				LastSwiftUpdateCheck = 1420;
				LastUpgradeCheck = 1420;
				TargetAttributes = {
					CBF5E5DC29B1E0E700FE75ED = {
						CreatedOnToolsVersion = 14.2;
					};
				};
			};
			buildConfigurationList = CBF5E5D829B1E0E700FE75ED /* Build configuration list for PBXProject "ImageDownloadProject" */;
			compatibilityVersion = "Xcode 14.0";
			developmentRegion = en;
			hasScannedForEncodings = 0;
			knownRegions = (
				en,
				Base,
			);
			mainGroup = CBF5E5D429B1E0E700FE75ED;
			productRefGroup = CBF5E5DE29B1E0E700FE75ED /* Products */;
			projectDirPath = "";
			projectRoot = "";
			targets = (
				CBF5E5DC29B1E0E700FE75ED /* ImageDownloadProject */,
			);
		};
/* End PBXProject section */

/* Begin PBXResourcesBuildPhase section */
		CBF5E5DB29B1E0E700FE75ED /* Resources */ = {
			isa = PBXResourcesBuildPhase;
			buildActionMask = 2147483647;
			files = (
				CBF5E5ED29B1E0E800FE75ED /* LaunchScreen.storyboard in Resources */,
				CBF5E5EA29B1E0E800FE75ED /* Assets.xcassets in Resources */,
				CBF5E5E829B1E0E700FE75ED /* Main.storyboard in Resources */,
			);
			runOnlyForDeploymentPostprocessing = 0;
		};
/* End PBXResourcesBuildPhase section */

/* Begin PBXSourcesBuildPhase section */
		CBF5E5D929B1E0E700FE75ED /* Sources */ = {
			isa = PBXSourcesBuildPhase;
			buildActionMask = 2147483647;
			files = (
				CBF5E5F729B1E60200FE75ED /* UIImageView.swift in Sources */,
				CBF5E5E529B1E0E700FE75ED /* ViewController.swift in Sources */,
				CBF5E5F529B1E24C00FE75ED /* ImageLoadCell.swift in Sources */,
				CBF5E5E129B1E0E700FE75ED /* AppDelegate.swift in Sources */,
				CBF5E5E329B1E0E700FE75ED /* SceneDelegate.swift in Sources */,
			);
			runOnlyForDeploymentPostprocessing = 0;
		};
/* End PBXSourcesBuildPhase section */

/* Begin PBXVariantGroup section */
		CBF5E5E629B1E0E700FE75ED /* Main.storyboard */ = {
			isa = PBXVariantGroup;
			children = (
				CBF5E5E729B1E0E700FE75ED /* Base */,
			);
			name = Main.storyboard;
			sourceTree = "<group>";
		};
		CBF5E5EB29B1E0E800FE75ED /* LaunchScreen.storyboard */ = {
			isa = PBXVariantGroup;
			children = (
				CBF5E5EC29B1E0E800FE75ED /* Base */,
			);
			name = LaunchScreen.storyboard;
			sourceTree = "<group>";
		};
/* End PBXVariantGroup section */

/* Begin XCBuildConfiguration section */
		CBF5E5EF29B1E0E800FE75ED /* Debug */ = {
			isa = XCBuildConfiguration;
			buildSettings = {
				ALWAYS_SEARCH_USER_PATHS = NO;
				CLANG_ANALYZER_NONNULL = YES;
				CLANG_ANALYZER_NUMBER_OBJECT_CONVERSION = YES_AGGRESSIVE;
				CLANG_CXX_LANGUAGE_STANDARD = "gnu++20";
				CLANG_ENABLE_MODULES = YES;
				CLANG_ENABLE_OBJC_ARC = YES;
				CLANG_ENABLE_OBJC_WEAK = YES;
				CLANG_WARN_BLOCK_CAPTURE_AUTORELEASING = YES;
				CLANG_WARN_BOOL_CONVERSION = YES;
				CLANG_WARN_COMMA = YES;
				CLANG_WARN_CONSTANT_CONVERSION = YES;
				CLANG_WARN_DEPRECATED_OBJC_IMPLEMENTATIONS = YES;
				CLANG_WARN_DIRECT_OBJC_ISA_USAGE = YES_ERROR;
				CLANG_WARN_DOCUMENTATION_COMMENTS = YES;
				CLANG_WARN_EMPTY_BODY = YES;
				CLANG_WARN_ENUM_CONVERSION = YES;
				CLANG_WARN_INFINITE_RECURSION = YES;
				CLANG_WARN_INT_CONVERSION = YES;
				CLANG_WARN_NON_LITERAL_NULL_CONVERSION = YES;
				CLANG_WARN_OBJC_IMPLICIT_RETAIN_SELF = YES;
				CLANG_WARN_OBJC_LITERAL_CONVERSION = YES;
				CLANG_WARN_OBJC_ROOT_CLASS = YES_ERROR;
				CLANG_WARN_QUOTED_INCLUDE_IN_FRAMEWORK_HEADER = YES;
				CLANG_WARN_RANGE_LOOP_ANALYSIS = YES;
				CLANG_WARN_STRICT_PROTOTYPES = YES;
				CLANG_WARN_SUSPICIOUS_MOVE = YES;
				CLANG_WARN_UNGUARDED_AVAILABILITY = YES_AGGRESSIVE;
				CLANG_WARN_UNREACHABLE_CODE = YES;
				CLANG_WARN__DUPLICATE_METHOD_MATCH = YES;
				COPY_PHASE_STRIP = NO;
				DEBUG_INFORMATION_FORMAT = dwarf;
				ENABLE_STRICT_OBJC_MSGSEND = YES;
				ENABLE_TESTABILITY = YES;
				GCC_C_LANGUAGE_STANDARD = gnu11;
				GCC_DYNAMIC_NO_PIC = NO;
				GCC_NO_COMMON_BLOCKS = YES;
				GCC_OPTIMIZATION_LEVEL = 0;
				GCC_PREPROCESSOR_DEFINITIONS = (
					"DEBUG=1",
					"$(inherited)",
				);
				GCC_WARN_64_TO_32_BIT_CONVERSION = YES;
				GCC_WARN_ABOUT_RETURN_TYPE = YES_ERROR;
				GCC_WARN_UNDECLARED_SELECTOR = YES;
				GCC_WARN_UNINITIALIZED_AUTOS = YES_AGGRESSIVE;
				GCC_WARN_UNUSED_FUNCTION = YES;
				GCC_WARN_UNUSED_VARIABLE = YES;
				IPHONEOS_DEPLOYMENT_TARGET = 16.2;
				MTL_ENABLE_DEBUG_INFO = INCLUDE_SOURCE;
				MTL_FAST_MATH = YES;
				ONLY_ACTIVE_ARCH = YES;
				SDKROOT = iphoneos;
				SWIFT_ACTIVE_COMPILATION_CONDITIONS = DEBUG;
				SWIFT_OPTIMIZATION_LEVEL = "-Onone";
			};
			name = Debug;
		};
		CBF5E5F029B1E0E800FE75ED /* Release */ = {
			isa = XCBuildConfiguration;
			buildSettings = {
				ALWAYS_SEARCH_USER_PATHS = NO;
				CLANG_ANALYZER_NONNULL = YES;
				CLANG_ANALYZER_NUMBER_OBJECT_CONVERSION = YES_AGGRESSIVE;
				CLANG_CXX_LANGUAGE_STANDARD = "gnu++20";
				CLANG_ENABLE_MODULES = YES;
				CLANG_ENABLE_OBJC_ARC = YES;
				CLANG_ENABLE_OBJC_WEAK = YES;
				CLANG_WARN_BLOCK_CAPTURE_AUTORELEASING = YES;
				CLANG_WARN_BOOL_CONVERSION = YES;
				CLANG_WARN_COMMA = YES;
				CLANG_WARN_CONSTANT_CONVERSION = YES;
				CLANG_WARN_DEPRECATED_OBJC_IMPLEMENTATIONS = YES;
				CLANG_WARN_DIRECT_OBJC_ISA_USAGE = YES_ERROR;
				CLANG_WARN_DOCUMENTATION_COMMENTS = YES;
				CLANG_WARN_EMPTY_BODY = YES;
				CLANG_WARN_ENUM_CONVERSION = YES;
				CLANG_WARN_INFINITE_RECURSION = YES;
				CLANG_WARN_INT_CONVERSION = YES;
				CLANG_WARN_NON_LITERAL_NULL_CONVERSION = YES;
				CLANG_WARN_OBJC_IMPLICIT_RETAIN_SELF = YES;
				CLANG_WARN_OBJC_LITERAL_CONVERSION = YES;
				CLANG_WARN_OBJC_ROOT_CLASS = YES_ERROR;
				CLANG_WARN_QUOTED_INCLUDE_IN_FRAMEWORK_HEADER = YES;
				CLANG_WARN_RANGE_LOOP_ANALYSIS = YES;
				CLANG_WARN_STRICT_PROTOTYPES = YES;
				CLANG_WARN_SUSPICIOUS_MOVE = YES;
				CLANG_WARN_UNGUARDED_AVAILABILITY = YES_AGGRESSIVE;
				CLANG_WARN_UNREACHABLE_CODE = YES;
				CLANG_WARN__DUPLICATE_METHOD_MATCH = YES;
				COPY_PHASE_STRIP = NO;
				DEBUG_INFORMATION_FORMAT = "dwarf-with-dsym";
				ENABLE_NS_ASSERTIONS = NO;
				ENABLE_STRICT_OBJC_MSGSEND = YES;
				GCC_C_LANGUAGE_STANDARD = gnu11;
				GCC_NO_COMMON_BLOCKS = YES;
				GCC_WARN_64_TO_32_BIT_CONVERSION = YES;
				GCC_WARN_ABOUT_RETURN_TYPE = YES_ERROR;
				GCC_WARN_UNDECLARED_SELECTOR = YES;
				GCC_WARN_UNINITIALIZED_AUTOS = YES_AGGRESSIVE;
				GCC_WARN_UNUSED_FUNCTION = YES;
				GCC_WARN_UNUSED_VARIABLE = YES;
				IPHONEOS_DEPLOYMENT_TARGET = 16.2;
				MTL_ENABLE_DEBUG_INFO = NO;
				MTL_FAST_MATH = YES;
				SDKROOT = iphoneos;
				SWIFT_COMPILATION_MODE = wholemodule;
				SWIFT_OPTIMIZATION_LEVEL = "-O";
				VALIDATE_PRODUCT = YES;
			};
			name = Release;
		};
		CBF5E5F229B1E0E800FE75ED /* Debug */ = {
			isa = XCBuildConfiguration;
			buildSettings = {
				ASSETCATALOG_COMPILER_APPICON_NAME = AppIcon;
				ASSETCATALOG_COMPILER_GLOBAL_ACCENT_COLOR_NAME = AccentColor;
				CODE_SIGN_STYLE = Automatic;
				CURRENT_PROJECT_VERSION = 1;
				DEVELOPMENT_TEAM = 4C7LQZ2GCN;
				GENERATE_INFOPLIST_FILE = YES;
				INFOPLIST_FILE = ImageDownloadProject/Info.plist;
				INFOPLIST_KEY_UIApplicationSupportsIndirectInputEvents = YES;
				INFOPLIST_KEY_UILaunchStoryboardName = LaunchScreen;
				INFOPLIST_KEY_UIMainStoryboardFile = Main;
				INFOPLIST_KEY_UISupportedInterfaceOrientations_iPad = "UIInterfaceOrientationPortrait UIInterfaceOrientationPortraitUpsideDown UIInterfaceOrientationLandscapeLeft UIInterfaceOrientationLandscapeRight";
				INFOPLIST_KEY_UISupportedInterfaceOrientations_iPhone = "UIInterfaceOrientationPortrait UIInterfaceOrientationLandscapeLeft UIInterfaceOrientationLandscapeRight";
				LD_RUNPATH_SEARCH_PATHS = (
					"$(inherited)",
					"@executable_path/Frameworks",
				);
				MARKETING_VERSION = 1.0;
				PRODUCT_BUNDLE_IDENTIFIER = kr.co.sample.ImageDownloadProject;
				PRODUCT_NAME = "$(TARGET_NAME)";
				SWIFT_EMIT_LOC_STRINGS = YES;
				SWIFT_VERSION = 5.0;
				TARGETED_DEVICE_FAMILY = "1,2";
			};
			name = Debug;
		};
		CBF5E5F329B1E0E800FE75ED /* Release */ = {
			isa = XCBuildConfiguration;
			buildSettings = {
				ASSETCATALOG_COMPILER_APPICON_NAME = AppIcon;
				ASSETCATALOG_COMPILER_GLOBAL_ACCENT_COLOR_NAME = AccentColor;
				CODE_SIGN_STYLE = Automatic;
				CURRENT_PROJECT_VERSION = 1;
				DEVELOPMENT_TEAM = 4C7LQZ2GCN;
				GENERATE_INFOPLIST_FILE = YES;
				INFOPLIST_FILE = ImageDownloadProject/Info.plist;
				INFOPLIST_KEY_UIApplicationSupportsIndirectInputEvents = YES;
				INFOPLIST_KEY_UILaunchStoryboardName = LaunchScreen;
				INFOPLIST_KEY_UIMainStoryboardFile = Main;
				INFOPLIST_KEY_UISupportedInterfaceOrientations_iPad = "UIInterfaceOrientationPortrait UIInterfaceOrientationPortraitUpsideDown UIInterfaceOrientationLandscapeLeft UIInterfaceOrientationLandscapeRight";
				INFOPLIST_KEY_UISupportedInterfaceOrientations_iPhone = "UIInterfaceOrientationPortrait UIInterfaceOrientationLandscapeLeft UIInterfaceOrientationLandscapeRight";
				LD_RUNPATH_SEARCH_PATHS = (
					"$(inherited)",
					"@executable_path/Frameworks",
				);
				MARKETING_VERSION = 1.0;
				PRODUCT_BUNDLE_IDENTIFIER = kr.co.sample.ImageDownloadProject;
				PRODUCT_NAME = "$(TARGET_NAME)";
				SWIFT_EMIT_LOC_STRINGS = YES;
				SWIFT_VERSION = 5.0;
				TARGETED_DEVICE_FAMILY = "1,2";
			};
			name = Release;
		};
/* End XCBuildConfiguration section */

/* Begin XCConfigurationList section */
		CBF5E5D829B1E0E700FE75ED /* Build configuration list for PBXProject "ImageDownloadProject" */ = {
			isa = XCConfigurationList;
			buildConfigurations = (
				CBF5E5EF29B1E0E800FE75ED /* Debug */,
				CBF5E5F029B1E0E800FE75ED /* Release */,
			);
			defaultConfigurationIsVisible = 0;
			defaultConfigurationName = Release;
		};
		CBF5E5F129B1E0E800FE75ED /* Build configuration list for PBXNativeTarget "ImageDownloadProject" */ = {
			isa = XCConfigurationList;
			buildConfigurations = (
				CBF5E5F229B1E0E800FE75ED /* Debug */,
				CBF5E5F329B1E0E800FE75ED /* Release */,
			);
			defaultConfigurationIsVisible = 0;
			defaultConfigurationName = Release;
		};
/* End XCConfigurationList section */
	};
	rootObject = CBF5E5D529B1E0E700FE75ED /* Project object */;
}
